
Microsoft Visual Studio Solution File, Format Version 12.00
# Visual Studio Version 16
VisualStudioVersion = 16.0.30804.86
MinimumVisualStudioVersion = 10.0.40219.1
Project("{FAE04EC0-301F-11D3-BF4B-00C04F79EFBC}") = "CSharp_9", "CSharp_9\CSharp_9.csproj", "{36B302DD-F97B-4E8F-BC98-CCF8328F1D15}"
EndProject
Global
	GlobalSection(SolutionConfigurationPlatforms) = preSolution
		Debug|Any CPU = Debug|Any CPU
		Release|Any CPU = Release|Any CPU
	EndGlobalSection
	GlobalSection(ProjectConfigurationPlatforms) = postSolution
		{36B302DD-F97B-4E8F-BC98-CCF8328F1D15}.Debug|Any CPU.ActiveCfg = Debug|Any CPU
		{36B302DD-F97B-4E8F-BC98-CCF8328F1D15}.Debug|Any CPU.Build.0 = Debug|Any CPU
		{36B302DD-F97B-4E8F-BC98-CCF8328F1D15}.Release|Any CPU.ActiveCfg = Release|Any CPU
		{36B302DD-F97B-4E8F-BC98-CCF8328F1D15}.Release|Any CPU.Build.0 = Release|Any CPU
	EndGlobalSection
	GlobalSection(SolutionProperties) = preSolution
		HideSolutionNode = FALSE
	EndGlobalSection
	GlobalSection(ExtensibilityGlobals) = postSolution
		SolutionGuid = {6BC99156-37E9-462F-8707-A6AC4FE6C77F}
	EndGlobalSection
EndGlobal
